// !$*UTF8*$!
{
	archiveVersion = 1;
	classes = {
	};
	objectVersion = 50;
	objects = {

/* Begin PBXBuildFile section */
		8D6FD15F22850B9900F6B2E2 /* main.swift in Sources */ = {isa = PBXBuildFile; fileRef = 8D6FD15E22850B9900F6B2E2 /* main.swift */; };
		8D6FD16622850BA900F6B2E2 /* Max-Min.swift in Sources */ = {isa = PBXBuildFile; fileRef = 8D6FD16522850BA900F6B2E2 /* Max-Min.swift */; };
		8D6FD1682285107200F6B2E2 /* bai2.swift in Sources */ = {isa = PBXBuildFile; fileRef = 8D6FD1672285107200F6B2E2 /* bai2.swift */; };
		8D6FD16A228515E500F6B2E2 /* bai4.swift in Sources */ = {isa = PBXBuildFile; fileRef = 8D6FD169228515E500F6B2E2 /* bai4.swift */; };
/* End PBXBuildFile section */

/* Begin PBXCopyFilesBuildPhase section */
		8D6FD15922850B9900F6B2E2 /* CopyFiles */ = {
			isa = PBXCopyFilesBuildPhase;
			buildActionMask = 2147483647;
			dstPath = /usr/share/man/man1/;
			dstSubfolderSpec = 0;
			files = (
			);
			runOnlyForDeploymentPostprocessing = 1;
		};
/* End PBXCopyFilesBuildPhase section */

/* Begin PBXFileReference section */
		8D6FD15B22850B9900F6B2E2 /* logic-ios-2019-04 */ = {isa = PBXFileReference; explicitFileType = "compiled.mach-o.executable"; includeInIndex = 0; path = "logic-ios-2019-04"; sourceTree = BUILT_PRODUCTS_DIR; };
		8D6FD15E22850B9900F6B2E2 /* main.swift */ = {isa = PBXFileReference; lastKnownFileType = sourcecode.swift; path = main.swift; sourceTree = "<group>"; };
		8D6FD16522850BA900F6B2E2 /* Max-Min.swift */ = {isa = PBXFileReference; lastKnownFileType = sourcecode.swift; path = "Max-Min.swift"; sourceTree = "<group>"; };
		8D6FD1672285107200F6B2E2 /* bai2.swift */ = {isa = PBXFileReference; lastKnownFileType = sourcecode.swift; path = bai2.swift; sourceTree = "<group>"; };
		8D6FD169228515E500F6B2E2 /* bai4.swift */ = {isa = PBXFileReference; lastKnownFileType = sourcecode.swift; path = bai4.swift; sourceTree = "<group>"; };
/* End PBXFileReference section */

/* Begin PBXFrameworksBuildPhase section */
		8D6FD15822850B9900F6B2E2 /* Frameworks */ = {
			isa = PBXFrameworksBuildPhase;
			buildActionMask = 2147483647;
			files = (
			);
			runOnlyForDeploymentPostprocessing = 0;
		};
/* End PBXFrameworksBuildPhase section */

/* Begin PBXGroup section */
		8D6FD15222850B9900F6B2E2 = {
			isa = PBXGroup;
			children = (
				8D6FD15D22850B9900F6B2E2 /* logic-ios-2019-04 */,
				8D6FD15C22850B9900F6B2E2 /* Products */,
			);
			sourceTree = "<group>";
		};
		8D6FD15C22850B9900F6B2E2 /* Products */ = {
			isa = PBXGroup;
			children = (
				8D6FD15B22850B9900F6B2E2 /* logic-ios-2019-04 */,
			);
			name = Products;
			sourceTree = "<group>";
		};
		8D6FD15D22850B9900F6B2E2 /* logic-ios-2019-04 */ = {
			isa = PBXGroup;
			children = (
				8D6FD15E22850B9900F6B2E2 /* main.swift */,
				8D6FD16522850BA900F6B2E2 /* Max-Min.swift */,
				8D6FD1672285107200F6B2E2 /* bai2.swift */,
				8D6FD169228515E500F6B2E2 /* bai4.swift */,
			);
			path = "logic-ios-2019-04";
			sourceTree = "<group>";
		};
/* End PBXGroup section */

/* Begin PBXNativeTarget section */
		8D6FD15A22850B9900F6B2E2 /* logic-ios-2019-04 */ = {
			isa = PBXNativeTarget;
			buildConfigurationList = 8D6FD16222850B9900F6B2E2 /* Build configuration list for PBXNativeTarget "logic-ios-2019-04" */;
			buildPhases = (
				8D6FD15722850B9900F6B2E2 /* Sources */,
				8D6FD15822850B9900F6B2E2 /* Frameworks */,
				8D6FD15922850B9900F6B2E2 /* CopyFiles */,
			);
			buildRules = (
			);
			dependencies = (
			);
			name = "logic-ios-2019-04";
			productName = "logic-ios-2019-04";
			productReference = 8D6FD15B22850B9900F6B2E2 /* logic-ios-2019-04 */;
			productType = "com.apple.product-type.tool";
		};
/* End PBXNativeTarget section */

/* Begin PBXProject section */
		8D6FD15322850B9900F6B2E2 /* Project object */ = {
			isa = PBXProject;
			attributes = {
				LastSwiftUpdateCheck = 1020;
				LastUpgradeCheck = 1020;
				ORGANIZATIONNAME = "Cuong  Pham";
				TargetAttributes = {
					8D6FD15A22850B9900F6B2E2 = {
						CreatedOnToolsVersion = 10.2.1;
					};
				};
			};
			buildConfigurationList = 8D6FD15622850B9900F6B2E2 /* Build configuration list for PBXProject "logic-ios-2019-04" */;
			compatibilityVersion = "Xcode 9.3";
			developmentRegion = en;
			hasScannedForEncodings = 0;
			knownRegions = (
				en,
			);
			mainGroup = 8D6FD15222850B9900F6B2E2;
			productRefGroup = 8D6FD15C22850B9900F6B2E2 /* Products */;
			projectDirPath = "";
			projectRoot = "";
			targets = (
				8D6FD15A22850B9900F6B2E2 /* logic-ios-2019-04 */,
			);
		};
/* End PBXProject section */

/* Begin PBXSourcesBuildPhase section */
		8D6FD15722850B9900F6B2E2 /* Sources */ = {
			isa = PBXSourcesBuildPhase;
			buildActionMask = 2147483647;
			files = (
				8D6FD1682285107200F6B2E2 /* bai2.swift in Sources */,
				8D6FD16A228515E500F6B2E2 /* bai4.swift in Sources */,
				8D6FD15F22850B9900F6B2E2 /* main.swift in Sources */,
				8D6FD16622850BA900F6B2E2 /* Max-Min.swift in Sources */,
			);
			runOnlyForDeploymentPostprocessing = 0;
		};
/* End PBXSourcesBuildPhase section */

/* Begin XCBuildConfiguration section */
		8D6FD16022850B9900F6B2E2 /* Debug */ = {
			isa = XCBuildConfiguration;
			buildSettings = {
				ALWAYS_SEARCH_USER_PATHS = NO;
				CLANG_ANALYZER_NONNULL = YES;
				CLANG_ANALYZER_NUMBER_OBJECT_CONVERSION = YES_AGGRESSIVE;
				CLANG_CXX_LANGUAGE_STANDARD = "gnu++14";
				CLANG_CXX_LIBRARY = "libc++";
				CLANG_ENABLE_MODULES = YES;
				CLANG_ENABLE_OBJC_ARC = YES;
				CLANG_ENABLE_OBJC_WEAK = YES;
				CLANG_WARN_BLOCK_CAPTURE_AUTORELEASING = YES;
				CLANG_WARN_BOOL_CONVERSION = YES;
				CLANG_WARN_COMMA = YES;
				CLANG_WARN_CONSTANT_CONVERSION = YES;
				CLANG_WARN_DEPRECATED_OBJC_IMPLEMENTATIONS = YES;
				CLANG_WARN_DIRECT_OBJC_ISA_USAGE = YES_ERROR;
				CLANG_WARN_DOCUMENTATION_COMMENTS = YES;
				CLANG_WARN_EMPTY_BODY = YES;
				CLANG_WARN_ENUM_CONVERSION = YES;
				CLANG_WARN_INFINITE_RECURSION = YES;
				CLANG_WARN_INT_CONVERSION = YES;
				CLANG_WARN_NON_LITERAL_NULL_CONVERSION = YES;
				CLANG_WARN_OBJC_IMPLICIT_RETAIN_SELF = YES;
				CLANG_WARN_OBJC_LITERAL_CONVERSION = YES;
				CLANG_WARN_OBJC_ROOT_CLASS = YES_ERROR;
				CLANG_WARN_RANGE_LOOP_ANALYSIS = YES;
				CLANG_WARN_STRICT_PROTOTYPES = YES;
				CLANG_WARN_SUSPICIOUS_MOVE = YES;
				CLANG_WARN_UNGUARDED_AVAILABILITY = YES_AGGRESSIVE;
				CLANG_WARN_UNREACHABLE_CODE = YES;
				CLANG_WARN__DUPLICATE_METHOD_MATCH = YES;
				CODE_SIGN_IDENTITY = "Mac Developer";
				COPY_PHASE_STRIP = NO;
				DEBUG_INFORMATION_FORMAT = dwarf;
				ENABLE_STRICT_OBJC_MSGSEND = YES;
				ENABLE_TESTABILITY = YES;
				GCC_C_LANGUAGE_STANDARD = gnu11;
				GCC_DYNAMIC_NO_PIC = NO;
				GCC_NO_COMMON_BLOCKS = YES;
				GCC_OPTIMIZATION_LEVEL = 0;
				GCC_PREPROCESSOR_DEFINITIONS = (
					"DEBUG=1",
					"$(inherited)",
				);
				GCC_WARN_64_TO_32_BIT_CONVERSION = YES;
				GCC_WARN_ABOUT_RETURN_TYPE = YES_ERROR;
				GCC_WARN_UNDECLARED_SELECTOR = YES;
				GCC_WARN_UNINITIALIZED_AUTOS = YES_AGGRESSIVE;
				GCC_WARN_UNUSED_FUNCTION = YES;
				GCC_WARN_UNUSED_VARIABLE = YES;
				MACOSX_DEPLOYMENT_TARGET = 10.14;
				MTL_ENABLE_DEBUG_INFO = INCLUDE_SOURCE;
				MTL_FAST_MATH = YES;
				ONLY_ACTIVE_ARCH = YES;
				SDKROOT = macosx;
				SWIFT_ACTIVE_COMPILATION_CONDITIONS = DEBUG;
				SWIFT_OPTIMIZATION_LEVEL = "-Onone";
			};
			name = Debug;
		};
		8D6FD16122850B9900F6B2E2 /* Release */ = {
			isa = XCBuildConfiguration;
			buildSettings = {
				ALWAYS_SEARCH_USER_PATHS = NO;
				CLANG_ANALYZER_NONNULL = YES;
				CLANG_ANALYZER_NUMBER_OBJECT_CONVERSION = YES_AGGRESSIVE;
				CLANG_CXX_LANGUAGE_STANDARD = "gnu++14";
				CLANG_CXX_LIBRARY = "libc++";
				CLANG_ENABLE_MODULES = YES;
				CLANG_ENABLE_OBJC_ARC = YES;
				CLANG_ENABLE_OBJC_WEAK = YES;
				CLANG_WARN_BLOCK_CAPTURE_AUTORELEASING = YES;
				CLANG_WARN_BOOL_CONVERSION = YES;
				CLANG_WARN_COMMA = YES;
				CLANG_WARN_CONSTANT_CONVERSION = YES;
				CLANG_WARN_DEPRECATED_OBJC_IMPLEMENTATIONS = YES;
				CLANG_WARN_DIRECT_OBJC_ISA_USAGE = YES_ERROR;
				CLANG_WARN_DOCUMENTATION_COMMENTS = YES;
				CLANG_WARN_EMPTY_BODY = YES;
				CLANG_WARN_ENUM_CONVERSION = YES;
				CLANG_WARN_INFINITE_RECURSION = YES;
				CLANG_WARN_INT_CONVERSION = YES;
				CLANG_WARN_NON_LITERAL_NULL_CONVERSION = YES;
				CLANG_WARN_OBJC_IMPLICIT_RETAIN_SELF = YES;
				CLANG_WARN_OBJC_LITERAL_CONVERSION = YES;
				CLANG_WARN_OBJC_ROOT_CLASS = YES_ERROR;
				CLANG_WARN_RANGE_LOOP_ANALYSIS = YES;
				CLANG_WARN_STRICT_PROTOTYPES = YES;
				CLANG_WARN_SUSPICIOUS_MOVE = YES;
				CLANG_WARN_UNGUARDED_AVAILABILITY = YES_AGGRESSIVE;
				CLANG_WARN_UNREACHABLE_CODE = YES;
				CLANG_WARN__DUPLICATE_METHOD_MATCH = YES;
				CODE_SIGN_IDENTITY = "Mac Developer";
				COPY_PHASE_STRIP = NO;
				DEBUG_INFORMATION_FORMAT = "dwarf-with-dsym";
				ENABLE_NS_ASSERTIONS = NO;
				ENABLE_STRICT_OBJC_MSGSEND = YES;
				GCC_C_LANGUAGE_STANDARD = gnu11;
				GCC_NO_COMMON_BLOCKS = YES;
				GCC_WARN_64_TO_32_BIT_CONVERSION = YES;
				GCC_WARN_ABOUT_RETURN_TYPE = YES_ERROR;
				GCC_WARN_UNDECLARED_SELECTOR = YES;
				GCC_WARN_UNINITIALIZED_AUTOS = YES_AGGRESSIVE;
				GCC_WARN_UNUSED_FUNCTION = YES;
				GCC_WARN_UNUSED_VARIABLE = YES;
				MACOSX_DEPLOYMENT_TARGET = 10.14;
				MTL_ENABLE_DEBUG_INFO = NO;
				MTL_FAST_MATH = YES;
				SDKROOT = macosx;
				SWIFT_COMPILATION_MODE = wholemodule;
				SWIFT_OPTIMIZATION_LEVEL = "-O";
			};
			name = Release;
		};
		8D6FD16322850B9900F6B2E2 /* Debug */ = {
			isa = XCBuildConfiguration;
			buildSettings = {
				CODE_SIGN_STYLE = Automatic;
				DEVELOPMENT_TEAM = XTDG966Y87;
				PRODUCT_NAME = "$(TARGET_NAME)";
				SWIFT_VERSION = 5.0;
			};
			name = Debug;
		};
		8D6FD16422850B9900F6B2E2 /* Release */ = {
			isa = XCBuildConfiguration;
			buildSettings = {
				CODE_SIGN_STYLE = Automatic;
				DEVELOPMENT_TEAM = XTDG966Y87;
				PRODUCT_NAME = "$(TARGET_NAME)";
				SWIFT_VERSION = 5.0;
			};
			name = Release;
		};
/* End XCBuildConfiguration section */

/* Begin XCConfigurationList section */
		8D6FD15622850B9900F6B2E2 /* Build configuration list for PBXProject "logic-ios-2019-04" */ = {
			isa = XCConfigurationList;
			buildConfigurations = (
				8D6FD16022850B9900F6B2E2 /* Debug */,
				8D6FD16122850B9900F6B2E2 /* Release */,
			);
			defaultConfigurationIsVisible = 0;
			defaultConfigurationName = Release;
		};
		8D6FD16222850B9900F6B2E2 /* Build configuration list for PBXNativeTarget "logic-ios-2019-04" */ = {
			isa = XCConfigurationList;
			buildConfigurations = (
				8D6FD16322850B9900F6B2E2 /* Debug */,
				8D6FD16422850B9900F6B2E2 /* Release */,
			);
			defaultConfigurationIsVisible = 0;
			defaultConfigurationName = Release;
		};
/* End XCConfigurationList section */
	};
	rootObject = 8D6FD15322850B9900F6B2E2 /* Project object */;
}
